
Microsoft Visual Studio Solution File, Format Version 12.00
# Visual Studio Version 17
VisualStudioVersion = 17.8.34322.80
MinimumVisualStudioVersion = 10.0.40219.1
Project("{9A19103F-16F7-4668-BE54-9A1E7A4F7556}") = "MiniNetflix", "MiniNetflix\MiniNetflix.csproj", "{06B14512-1290-4FC2-87FC-4A9264D4EB7B}"
EndProject
Project("{9A19103F-16F7-4668-BE54-9A1E7A4F7556}") = "Database", "Database\Database.csproj", "{C22068DF-ABD5-4324-97D5-651B7F1B43C6}"
EndProject
Project("{FAE04EC0-301F-11D3-BF4B-00C04F79EFBC}") = "Application", "Application\Application.csproj", "{C9CEF415-B5DC-456E-BC09-6D788E7CE297}"
EndProject
Global
	GlobalSection(SolutionConfigurationPlatforms) = preSolution
		Debug|Any CPU = Debug|Any CPU
		Release|Any CPU = Release|Any CPU
	EndGlobalSection
	GlobalSection(ProjectConfigurationPlatforms) = postSolution
		{06B14512-1290-4FC2-87FC-4A9264D4EB7B}.Debug|Any CPU.ActiveCfg = Debug|Any CPU
		{06B14512-1290-4FC2-87FC-4A9264D4EB7B}.Debug|Any CPU.Build.0 = Debug|Any CPU
		{06B14512-1290-4FC2-87FC-4A9264D4EB7B}.Release|Any CPU.ActiveCfg = Release|Any CPU
		{06B14512-1290-4FC2-87FC-4A9264D4EB7B}.Release|Any CPU.Build.0 = Release|Any CPU
		{C22068DF-ABD5-4324-97D5-651B7F1B43C6}.Debug|Any CPU.ActiveCfg = Debug|Any CPU
		{C22068DF-ABD5-4324-97D5-651B7F1B43C6}.Debug|Any CPU.Build.0 = Debug|Any CPU
		{C22068DF-ABD5-4324-97D5-651B7F1B43C6}.Release|Any CPU.ActiveCfg = Release|Any CPU
		{C22068DF-ABD5-4324-97D5-651B7F1B43C6}.Release|Any CPU.Build.0 = Release|Any CPU
		{C9CEF415-B5DC-456E-BC09-6D788E7CE297}.Debug|Any CPU.ActiveCfg = Debug|Any CPU
		{C9CEF415-B5DC-456E-BC09-6D788E7CE297}.Debug|Any CPU.Build.0 = Debug|Any CPU
		{C9CEF415-B5DC-456E-BC09-6D788E7CE297}.Release|Any CPU.ActiveCfg = Release|Any CPU
		{C9CEF415-B5DC-456E-BC09-6D788E7CE297}.Release|Any CPU.Build.0 = Release|Any CPU
	EndGlobalSection
	GlobalSection(SolutionProperties) = preSolution
		HideSolutionNode = FALSE
	EndGlobalSection
	GlobalSection(ExtensibilityGlobals) = postSolution
		SolutionGuid = {38BD5FE4-88EA-4C7C-AD93-2D0F3B0365BD}
	EndGlobalSection
EndGlobal
